
Microsoft Visual Studio Solution File, Format Version 12.00
# Visual Studio 15
VisualStudioVersion = 15.0.28307.572
MinimumVisualStudioVersion = 10.0.40219.1
Project("{8BC9CEB8-8B4A-11D0-8D11-00A0C91BC942}") = "Longestsubstring2", "Longestsubstring2\Longestsubstring2.vcxproj", "{9D72694D-7FF6-49C9-B4CB-D2B7ABE9CBF5}"
EndProject
Global
	GlobalSection(SolutionConfigurationPlatforms) = preSolution
		Debug|x64 = Debug|x64
		Debug|x86 = Debug|x86
		Release|x64 = Release|x64
		Release|x86 = Release|x86
	EndGlobalSection
	GlobalSection(ProjectConfigurationPlatforms) = postSolution
		{9D72694D-7FF6-49C9-B4CB-D2B7ABE9CBF5}.Debug|x64.ActiveCfg = Debug|x64
		{9D72694D-7FF6-49C9-B4CB-D2B7ABE9CBF5}.Debug|x64.Build.0 = Debug|x64
		{9D72694D-7FF6-49C9-B4CB-D2B7ABE9CBF5}.Debug|x86.ActiveCfg = Debug|Win32
		{9D72694D-7FF6-49C9-B4CB-D2B7ABE9CBF5}.Debug|x86.Build.0 = Debug|Win32
		{9D72694D-7FF6-49C9-B4CB-D2B7ABE9CBF5}.Release|x64.ActiveCfg = Release|x64
		{9D72694D-7FF6-49C9-B4CB-D2B7ABE9CBF5}.Release|x64.Build.0 = Release|x64
		{9D72694D-7FF6-49C9-B4CB-D2B7ABE9CBF5}.Release|x86.ActiveCfg = Release|Win32
		{9D72694D-7FF6-49C9-B4CB-D2B7ABE9CBF5}.Release|x86.Build.0 = Release|Win32
	EndGlobalSection
	GlobalSection(SolutionProperties) = preSolution
		HideSolutionNode = FALSE
	EndGlobalSection
	GlobalSection(ExtensibilityGlobals) = postSolution
		SolutionGuid = {EA3EA366-A55D-4836-AC08-6C9D3C1A557A}
	EndGlobalSection
EndGlobal
